
Microsoft Visual Studio Solution File, Format Version 12.00
# Visual Studio Version 17
VisualStudioVersion = 17.1.32210.238
MinimumVisualStudioVersion = 10.0.40219.1
Project("{9A19103F-16F7-4668-BE54-9A1E7A4F7556}") = "DecoTablas", "DecoTablas.csproj", "{273FDC3F-5A63-4F3D-9D63-0B2483D29AEE}"
EndProject
Global
	GlobalSection(SolutionConfigurationPlatforms) = preSolution
		Debug|Any CPU = Debug|Any CPU
		Release|Any CPU = Release|Any CPU
	EndGlobalSection
	GlobalSection(ProjectConfigurationPlatforms) = postSolution
		{273FDC3F-5A63-4F3D-9D63-0B2483D29AEE}.Debug|Any CPU.ActiveCfg = Release|Any CPU
		{273FDC3F-5A63-4F3D-9D63-0B2483D29AEE}.Debug|Any CPU.Build.0 = Release|Any CPU
		{273FDC3F-5A63-4F3D-9D63-0B2483D29AEE}.Release|Any CPU.ActiveCfg = Release|Any CPU
		{273FDC3F-5A63-4F3D-9D63-0B2483D29AEE}.Release|Any CPU.Build.0 = Release|Any CPU
	EndGlobalSection
	GlobalSection(SolutionProperties) = preSolution
		HideSolutionNode = FALSE
	EndGlobalSection
	GlobalSection(ExtensibilityGlobals) = postSolution
		SolutionGuid = {C8FCD205-F3A9-4428-B4E1-C38CEE5E936A}
	EndGlobalSection
EndGlobal
